
Microsoft Visual Studio Solution File, Format Version 12.00
# Visual Studio 15
VisualStudioVersion = 15.0.28010.2041
MinimumVisualStudioVersion = 10.0.40219.1
Project("{9A19103F-16F7-4668-BE54-9A1E7A4F7556}") = "BeAsBee.API", "BeAsBee.API\BeAsBee.API.csproj", "{B030B146-6BA8-45EB-90DE-F9F132C307BE}"
EndProject
Project("{9A19103F-16F7-4668-BE54-9A1E7A4F7556}") = "BeAsBee.WEB", "BeAsBee.WEB\BeAsBee.WEB.csproj", "{1064F3F3-C9A5-40D9-86DA-918AD85E1827}"
EndProject
Project("{9A19103F-16F7-4668-BE54-9A1E7A4F7556}") = "BeAsBee.Domain", "BeAsBee.Domain\BeAsBee.Domain.csproj", "{76C650E3-CBFF-415C-90C7-4FCC5D442BF3}"
EndProject
Project("{9A19103F-16F7-4668-BE54-9A1E7A4F7556}") = "BeAsBee.Domain.Services", "BeAsBee.Domain.Services\BeAsBee.Domain.Services.csproj", "{6E2988D4-433D-4B78-AF60-56112CF73704}"
EndProject
Project("{9A19103F-16F7-4668-BE54-9A1E7A4F7556}") = "BeAsBee.Infrastructure", "BeAsBee.Infrastructure\BeAsBee.Infrastructure.csproj", "{B10AB037-1DC3-4BC6-9086-B8E6BF6ACC16}"
EndProject
Project("{9A19103F-16F7-4668-BE54-9A1E7A4F7556}") = "BeAsBee.Infrastructure.Sql", "BeAsBee.Infrastructure.Sql\BeAsBee.Infrastructure.Sql.csproj", "{24E353F7-85C5-43CC-AE99-A840A5FF41BD}"
EndProject
Project("{9A19103F-16F7-4668-BE54-9A1E7A4F7556}") = "BeAsBee.IoC", "BeAsBee.IoC\BeAsBee.IoC.csproj", "{E1886821-DC5E-4A04-9C72-A813573609E0}"
EndProject
Project("{FAE04EC0-301F-11D3-BF4B-00C04F79EFBC}") = "BeAsBee.Utilities", "BeeAsBee.Utilities\BeAsBee.Utilities.csproj", "{7E355454-6130-4CF0-858D-A7B9E5149CD1}"
EndProject
Global
	GlobalSection(SolutionConfigurationPlatforms) = preSolution
		Debug|Any CPU = Debug|Any CPU
		Release|Any CPU = Release|Any CPU
	EndGlobalSection
	GlobalSection(ProjectConfigurationPlatforms) = postSolution
		{B030B146-6BA8-45EB-90DE-F9F132C307BE}.Debug|Any CPU.ActiveCfg = Debug|Any CPU
		{B030B146-6BA8-45EB-90DE-F9F132C307BE}.Debug|Any CPU.Build.0 = Debug|Any CPU
		{B030B146-6BA8-45EB-90DE-F9F132C307BE}.Release|Any CPU.ActiveCfg = Release|Any CPU
		{B030B146-6BA8-45EB-90DE-F9F132C307BE}.Release|Any CPU.Build.0 = Release|Any CPU
		{1064F3F3-C9A5-40D9-86DA-918AD85E1827}.Debug|Any CPU.ActiveCfg = Debug|Any CPU
		{1064F3F3-C9A5-40D9-86DA-918AD85E1827}.Release|Any CPU.ActiveCfg = Release|Any CPU
		{1064F3F3-C9A5-40D9-86DA-918AD85E1827}.Release|Any CPU.Build.0 = Release|Any CPU
		{76C650E3-CBFF-415C-90C7-4FCC5D442BF3}.Debug|Any CPU.ActiveCfg = Debug|Any CPU
		{76C650E3-CBFF-415C-90C7-4FCC5D442BF3}.Debug|Any CPU.Build.0 = Debug|Any CPU
		{76C650E3-CBFF-415C-90C7-4FCC5D442BF3}.Release|Any CPU.ActiveCfg = Release|Any CPU
		{76C650E3-CBFF-415C-90C7-4FCC5D442BF3}.Release|Any CPU.Build.0 = Release|Any CPU
		{6E2988D4-433D-4B78-AF60-56112CF73704}.Debug|Any CPU.ActiveCfg = Debug|Any CPU
		{6E2988D4-433D-4B78-AF60-56112CF73704}.Debug|Any CPU.Build.0 = Debug|Any CPU
		{6E2988D4-433D-4B78-AF60-56112CF73704}.Release|Any CPU.ActiveCfg = Release|Any CPU
		{6E2988D4-433D-4B78-AF60-56112CF73704}.Release|Any CPU.Build.0 = Release|Any CPU
		{B10AB037-1DC3-4BC6-9086-B8E6BF6ACC16}.Debug|Any CPU.ActiveCfg = Debug|Any CPU
		{B10AB037-1DC3-4BC6-9086-B8E6BF6ACC16}.Debug|Any CPU.Build.0 = Debug|Any CPU
		{B10AB037-1DC3-4BC6-9086-B8E6BF6ACC16}.Release|Any CPU.ActiveCfg = Release|Any CPU
		{B10AB037-1DC3-4BC6-9086-B8E6BF6ACC16}.Release|Any CPU.Build.0 = Release|Any CPU
		{24E353F7-85C5-43CC-AE99-A840A5FF41BD}.Debug|Any CPU.ActiveCfg = Debug|Any CPU
		{24E353F7-85C5-43CC-AE99-A840A5FF41BD}.Debug|Any CPU.Build.0 = Debug|Any CPU
		{24E353F7-85C5-43CC-AE99-A840A5FF41BD}.Release|Any CPU.ActiveCfg = Release|Any CPU
		{24E353F7-85C5-43CC-AE99-A840A5FF41BD}.Release|Any CPU.Build.0 = Release|Any CPU
		{E1886821-DC5E-4A04-9C72-A813573609E0}.Debug|Any CPU.ActiveCfg = Debug|Any CPU
		{E1886821-DC5E-4A04-9C72-A813573609E0}.Debug|Any CPU.Build.0 = Debug|Any CPU
		{E1886821-DC5E-4A04-9C72-A813573609E0}.Release|Any CPU.ActiveCfg = Release|Any CPU
		{E1886821-DC5E-4A04-9C72-A813573609E0}.Release|Any CPU.Build.0 = Release|Any CPU
		{7E355454-6130-4CF0-858D-A7B9E5149CD1}.Debug|Any CPU.ActiveCfg = Debug|Any CPU
		{7E355454-6130-4CF0-858D-A7B9E5149CD1}.Debug|Any CPU.Build.0 = Debug|Any CPU
		{7E355454-6130-4CF0-858D-A7B9E5149CD1}.Release|Any CPU.ActiveCfg = Release|Any CPU
		{7E355454-6130-4CF0-858D-A7B9E5149CD1}.Release|Any CPU.Build.0 = Release|Any CPU
	EndGlobalSection
	GlobalSection(SolutionProperties) = preSolution
		HideSolutionNode = FALSE
	EndGlobalSection
	GlobalSection(ExtensibilityGlobals) = postSolution
		SolutionGuid = {1F2D6F51-1C03-4336-8F6C-3C7449FCC220}
	EndGlobalSection
EndGlobal
